// !$*UTF8*$!
{
	archiveVersion = 1;
	classes = {
	};
	objectVersion = 50;
	objects = {

/* Begin PBXBuildFile section */
		EB1B983F211139160076BBB8 /* SamplerStateLibrary.swift in Sources */ = {isa = PBXBuildFile; fileRef = EB1B983E211139160076BBB8 /* SamplerStateLibrary.swift */; };
		EB1B984221114AFB0076BBB8 /* Light.swift in Sources */ = {isa = PBXBuildFile; fileRef = EB1B984121114AFB0076BBB8 /* Light.swift */; };
		EB1B984821117F350076BBB8 /* Sun.swift in Sources */ = {isa = PBXBuildFile; fileRef = EB1B984721117F350076BBB8 /* Sun.swift */; };
		EB1B984A21117FAA0076BBB8 /* LightManager.swift in Sources */ = {isa = PBXBuildFile; fileRef = EB1B984921117FAA0076BBB8 /* LightManager.swift */; };
		EB1B984F211186700076BBB8 /* LampGameObject.swift in Sources */ = {isa = PBXBuildFile; fileRef = EB1B984E211186700076BBB8 /* LampGameObject.swift */; };
		EB1B9851211260E40076BBB8 /* Lightable.swift in Sources */ = {isa = PBXBuildFile; fileRef = EB1B9850211260E40076BBB8 /* Lightable.swift */; };
		EB1B9859211515240076BBB8 /* LampModelObject.swift in Sources */ = {isa = PBXBuildFile; fileRef = EB1B9858211515240076BBB8 /* LampModelObject.swift */; };
		EB1B985B211515DB0076BBB8 /* Campfire.swift in Sources */ = {isa = PBXBuildFile; fileRef = EB1B985A211515DB0076BBB8 /* Campfire.swift */; };
		EB1B985E2115273E0076BBB8 /* Campfire_01.mtl in Resources */ = {isa = PBXBuildFile; fileRef = EB1B985C2115273D0076BBB8 /* Campfire_01.mtl */; };
		EB1B985F2115273E0076BBB8 /* Campfire_01.obj in Resources */ = {isa = PBXBuildFile; fileRef = EB1B985D2115273D0076BBB8 /* Campfire_01.obj */; };
		EB1B9862211527A80076BBB8 /* Tent_01.obj in Resources */ = {isa = PBXBuildFile; fileRef = EB1B9860211527A70076BBB8 /* Tent_01.obj */; };
		EB1B9863211527A80076BBB8 /* Tent_01.mtl in Resources */ = {isa = PBXBuildFile; fileRef = EB1B9861211527A70076BBB8 /* Tent_01.mtl */; };
		EB614D1920F8403800E61EFA /* SceneManager.swift in Sources */ = {isa = PBXBuildFile; fileRef = EB614D1820F8403800E61EFA /* SceneManager.swift */; };
		EB614D1B20F840C000E61EFA /* GameManager.swift in Sources */ = {isa = PBXBuildFile; fileRef = EB614D1A20F840C000E61EFA /* GameManager.swift */; };
		EB614D1E20F8431100E61EFA /* BasicShaders.metal in Sources */ = {isa = PBXBuildFile; fileRef = EB614D1D20F8431100E61EFA /* BasicShaders.metal */; };
		EB614D2220F8505300E61EFA /* CameraManager.swift in Sources */ = {isa = PBXBuildFile; fileRef = EB614D2120F8505300E61EFA /* CameraManager.swift */; };
		EB614D2520F8509600E61EFA /* Maths.swift in Sources */ = {isa = PBXBuildFile; fileRef = EB614D2420F8509600E61EFA /* Maths.swift */; };
		EB614D2820F8514100E61EFA /* Keyboard.swift in Sources */ = {isa = PBXBuildFile; fileRef = EB614D2720F8514100E61EFA /* Keyboard.swift */; };
		EB614D2A20F8515900E61EFA /* Mouse.swift in Sources */ = {isa = PBXBuildFile; fileRef = EB614D2920F8515900E61EFA /* Mouse.swift */; };
		EB614D2C20F8516100E61EFA /* KeyCodes.swift in Sources */ = {isa = PBXBuildFile; fileRef = EB614D2B20F8516100E61EFA /* KeyCodes.swift */; };
		EB614D2E20F8536700E61EFA /* DepthStencilStateLibrary.swift in Sources */ = {isa = PBXBuildFile; fileRef = EB614D2D20F8536700E61EFA /* DepthStencilStateLibrary.swift */; };
		EB614D3020F85C2800E61EFA /* Terrain.swift in Sources */ = {isa = PBXBuildFile; fileRef = EB614D2F20F85C2800E61EFA /* Terrain.swift */; };
		EB614D3220F85C3200E61EFA /* TerrainMeshGenerator.swift in Sources */ = {isa = PBXBuildFile; fileRef = EB614D3120F85C3200E61EFA /* TerrainMeshGenerator.swift */; };
		EB6AEE50210D1F4400C291AA /* Types.metal in Sources */ = {isa = PBXBuildFile; fileRef = EB6AEE4F210D1F4400C291AA /* Types.metal */; };
		EBDB6E4320FD9E740061E7A3 /* cartoon_grass.png in Resources */ = {isa = PBXBuildFile; fileRef = EBDB6E4220FD9E740061E7A3 /* cartoon_grass.png */; };
		EBDB6E4720FDA5620061E7A3 /* TextureLibrary.swift in Sources */ = {isa = PBXBuildFile; fileRef = EBDB6E4620FDA5620061E7A3 /* TextureLibrary.swift */; };
		EBDB6E4920FE5D160061E7A3 /* cartoon_sand.png in Resources */ = {isa = PBXBuildFile; fileRef = EBDB6E4820FE5D160061E7A3 /* cartoon_sand.png */; };
		EBF1452C20FAF98600B89FE9 /* Cube.swift in Sources */ = {isa = PBXBuildFile; fileRef = EBF1452B20FAF98600B89FE9 /* Cube.swift */; };
		EBF1457A20FC489E00B89FE9 /* Triangle_CustomMesh.swift in Sources */ = {isa = PBXBuildFile; fileRef = EBF1457920FC489E00B89FE9 /* Triangle_CustomMesh.swift */; };
		EBF1457C20FC48A700B89FE9 /* Cube_CustomMesh.swift in Sources */ = {isa = PBXBuildFile; fileRef = EBF1457B20FC48A700B89FE9 /* Cube_CustomMesh.swift */; };
		EBF1457E20FC48B300B89FE9 /* Quad_CustomMesh.swift in Sources */ = {isa = PBXBuildFile; fileRef = EBF1457D20FC48B300B89FE9 /* Quad_CustomMesh.swift */; };
		EBF1458020FC48B900B89FE9 /* CustomMesh.swift in Sources */ = {isa = PBXBuildFile; fileRef = EBF1457F20FC48B900B89FE9 /* CustomMesh.swift */; };
		EBF1458620FC4B8700B89FE9 /* ModelLoader.swift in Sources */ = {isa = PBXBuildFile; fileRef = EBF1458520FC4B8700B89FE9 /* ModelLoader.swift */; };
		EBF1458B20FC4E6700B89FE9 /* ModelMeshLibrary.swift in Sources */ = {isa = PBXBuildFile; fileRef = EBF1458A20FC4E6700B89FE9 /* ModelMeshLibrary.swift */; };
		EBF1458D20FC4F8100B89FE9 /* ModelGameObject.swift in Sources */ = {isa = PBXBuildFile; fileRef = EBF1458C20FC4F8100B89FE9 /* ModelGameObject.swift */; };
		EBF1458F20FC50DE00B89FE9 /* Tents.swift in Sources */ = {isa = PBXBuildFile; fileRef = EBF1458E20FC50DE00B89FE9 /* Tents.swift */; };
		EBF1459C20FC5ACF00B89FE9 /* Tent_Poles_01.obj in Resources */ = {isa = PBXBuildFile; fileRef = EBF1459A20FC5ACF00B89FE9 /* Tent_Poles_01.obj */; };
		EBF1459D20FC5ACF00B89FE9 /* Tent_Poles_01.mtl in Resources */ = {isa = PBXBuildFile; fileRef = EBF1459B20FC5ACF00B89FE9 /* Tent_Poles_01.mtl */; };
		EBF145A620FC5F3A00B89FE9 /* Mushroom_Red_01.mtl in Resources */ = {isa = PBXBuildFile; fileRef = EBF145A420FC5F3A00B89FE9 /* Mushroom_Red_01.mtl */; };
		EBF145A720FC5F3A00B89FE9 /* Mushroom_Red_01.obj in Resources */ = {isa = PBXBuildFile; fileRef = EBF145A520FC5F3A00B89FE9 /* Mushroom_Red_01.obj */; };
		EBF145A920FC5F6900B89FE9 /* RedMushroom.swift in Sources */ = {isa = PBXBuildFile; fileRef = EBF145A820FC5F6900B89FE9 /* RedMushroom.swift */; };
		EBF145AC20FCD13E00B89FE9 /* Large_Oak_Green_01.obj in Resources */ = {isa = PBXBuildFile; fileRef = EBF145AA20FCD13E00B89FE9 /* Large_Oak_Green_01.obj */; };
		EBF145AD20FCD13E00B89FE9 /* Large_Oak_Green_01.mtl in Resources */ = {isa = PBXBuildFile; fileRef = EBF145AB20FCD13E00B89FE9 /* Large_Oak_Green_01.mtl */; };
		EBF145AF20FCD14E00B89FE9 /* LargeGreenOak.swift in Sources */ = {isa = PBXBuildFile; fileRef = EBF145AE20FCD14E00B89FE9 /* LargeGreenOak.swift */; };
		EBF145B320FD0B3400B89FE9 /* PracticeScene.swift in Sources */ = {isa = PBXBuildFile; fileRef = EBF145B220FD0B3400B89FE9 /* PracticeScene.swift */; };
		EBF4A5FB20F8056300DAC145 /* AppDelegate.swift in Sources */ = {isa = PBXBuildFile; fileRef = EBF4A5FA20F8056300DAC145 /* AppDelegate.swift */; };
		EBF4A60020F8056300DAC145 /* The_Dark_Place.xcdatamodeld in Sources */ = {isa = PBXBuildFile; fileRef = EBF4A5FE20F8056300DAC145 /* The_Dark_Place.xcdatamodeld */; };
		EBF4A60220F8056400DAC145 /* Assets.xcassets in Resources */ = {isa = PBXBuildFile; fileRef = EBF4A60120F8056400DAC145 /* Assets.xcassets */; };
		EBF4A60520F8056400DAC145 /* Main.storyboard in Resources */ = {isa = PBXBuildFile; fileRef = EBF4A60320F8056400DAC145 /* Main.storyboard */; };
		EBF4A61120F8056400DAC145 /* The_Dark_PlaceTests.swift in Sources */ = {isa = PBXBuildFile; fileRef = EBF4A61020F8056400DAC145 /* The_Dark_PlaceTests.swift */; };
		EBF4A61D20F8058B00DAC145 /* GameView.swift in Sources */ = {isa = PBXBuildFile; fileRef = EBF4A61C20F8058B00DAC145 /* GameView.swift */; };
		EBF4A62020F80D6400DAC145 /* Renderer.swift in Sources */ = {isa = PBXBuildFile; fileRef = EBF4A61F20F80D6400DAC145 /* Renderer.swift */; };
		EBF4A62320F80E0B00DAC145 /* Engine.swift in Sources */ = {isa = PBXBuildFile; fileRef = EBF4A62220F80E0B00DAC145 /* Engine.swift */; };
		EBF4A62F20F8175500DAC145 /* Size.swift in Sources */ = {isa = PBXBuildFile; fileRef = EBF4A62E20F8175500DAC145 /* Size.swift */; };
		EBF4A63120F818DE00DAC145 /* View.swift in Sources */ = {isa = PBXBuildFile; fileRef = EBF4A63020F818DE00DAC145 /* View.swift */; };
		EBF4A63620F823FE00DAC145 /* Node.swift in Sources */ = {isa = PBXBuildFile; fileRef = EBF4A63520F823FE00DAC145 /* Node.swift */; };
		EBF4A63820F8363400DAC145 /* Renderable.swift in Sources */ = {isa = PBXBuildFile; fileRef = EBF4A63720F8363400DAC145 /* Renderable.swift */; };
		EBF4A63B20F83A4700DAC145 /* GameObject.swift in Sources */ = {isa = PBXBuildFile; fileRef = EBF4A63A20F83A4700DAC145 /* GameObject.swift */; };
		EBF4A63F20F83C0700DAC145 /* Types.swift in Sources */ = {isa = PBXBuildFile; fileRef = EBF4A63E20F83C0700DAC145 /* Types.swift */; };
		EBF4A64120F83C7B00DAC145 /* CustomMeshLibrary.swift in Sources */ = {isa = PBXBuildFile; fileRef = EBF4A64020F83C7B00DAC145 /* CustomMeshLibrary.swift */; };
		EBF4A64320F83D7700DAC145 /* RenderPipelineStateLibrary.swift in Sources */ = {isa = PBXBuildFile; fileRef = EBF4A64220F83D7700DAC145 /* RenderPipelineStateLibrary.swift */; };
		EBF4A64520F83DC600DAC145 /* ShaderLibrary.swift in Sources */ = {isa = PBXBuildFile; fileRef = EBF4A64420F83DC600DAC145 /* ShaderLibrary.swift */; };
		EBF4A64720F83DF100DAC145 /* VertexDescriptorLibrary.swift in Sources */ = {isa = PBXBuildFile; fileRef = EBF4A64620F83DF100DAC145 /* VertexDescriptorLibrary.swift */; };
		EBF4A64B20F83F3500DAC145 /* Scene.swift in Sources */ = {isa = PBXBuildFile; fileRef = EBF4A64A20F83F3500DAC145 /* Scene.swift */; };
		EBF4A64D20F83F7E00DAC145 /* VillageScene.swift in Sources */ = {isa = PBXBuildFile; fileRef = EBF4A64C20F83F7E00DAC145 /* VillageScene.swift */; };
/* End PBXBuildFile section */

/* Begin PBXContainerItemProxy section */
		EBF4A60D20F8056400DAC145 /* PBXContainerItemProxy */ = {
			isa = PBXContainerItemProxy;
			containerPortal = EBF4A5EF20F8056300DAC145 /* Project object */;
			proxyType = 1;
			remoteGlobalIDString = EBF4A5F620F8056300DAC145;
			remoteInfo = "The Dark Place";
		};
/* End PBXContainerItemProxy section */

/* Begin PBXFileReference section */
		EB1B983E211139160076BBB8 /* SamplerStateLibrary.swift */ = {isa = PBXFileReference; lastKnownFileType = sourcecode.swift; path = SamplerStateLibrary.swift; sourceTree = "<group>"; };
		EB1B984121114AFB0076BBB8 /* Light.swift */ = {isa = PBXFileReference; lastKnownFileType = sourcecode.swift; path = Light.swift; sourceTree = "<group>"; };
		EB1B984721117F350076BBB8 /* Sun.swift */ = {isa = PBXFileReference; lastKnownFileType = sourcecode.swift; path = Sun.swift; sourceTree = "<group>"; };
		EB1B984921117FAA0076BBB8 /* LightManager.swift */ = {isa = PBXFileReference; lastKnownFileType = sourcecode.swift; path = LightManager.swift; sourceTree = "<group>"; };
		EB1B984E211186700076BBB8 /* LampGameObject.swift */ = {isa = PBXFileReference; lastKnownFileType = sourcecode.swift; path = LampGameObject.swift; sourceTree = "<group>"; };
		EB1B9850211260E40076BBB8 /* Lightable.swift */ = {isa = PBXFileReference; lastKnownFileType = sourcecode.swift; path = Lightable.swift; sourceTree = "<group>"; };
		EB1B9858211515240076BBB8 /* LampModelObject.swift */ = {isa = PBXFileReference; lastKnownFileType = sourcecode.swift; path = LampModelObject.swift; sourceTree = "<group>"; };
		EB1B985A211515DB0076BBB8 /* Campfire.swift */ = {isa = PBXFileReference; lastKnownFileType = sourcecode.swift; path = Campfire.swift; sourceTree = "<group>"; };
		EB1B985C2115273D0076BBB8 /* Campfire_01.mtl */ = {isa = PBXFileReference; fileEncoding = 4; lastKnownFileType = text; path = Campfire_01.mtl; sourceTree = "<group>"; };
		EB1B985D2115273D0076BBB8 /* Campfire_01.obj */ = {isa = PBXFileReference; fileEncoding = 4; lastKnownFileType = text; path = Campfire_01.obj; sourceTree = "<group>"; };
		EB1B9860211527A70076BBB8 /* Tent_01.obj */ = {isa = PBXFileReference; fileEncoding = 4; lastKnownFileType = text; path = Tent_01.obj; sourceTree = "<group>"; };
		EB1B9861211527A70076BBB8 /* Tent_01.mtl */ = {isa = PBXFileReference; fileEncoding = 4; lastKnownFileType = text; path = Tent_01.mtl; sourceTree = "<group>"; };
		EB614D1820F8403800E61EFA /* SceneManager.swift */ = {isa = PBXFileReference; lastKnownFileType = sourcecode.swift; path = SceneManager.swift; sourceTree = "<group>"; };
		EB614D1A20F840C000E61EFA /* GameManager.swift */ = {isa = PBXFileReference; lastKnownFileType = sourcecode.swift; path = GameManager.swift; sourceTree = "<group>"; };
		EB614D1D20F8431100E61EFA /* BasicShaders.metal */ = {isa = PBXFileReference; lastKnownFileType = sourcecode.metal; path = BasicShaders.metal; sourceTree = "<group>"; };
		EB614D2120F8505300E61EFA /* CameraManager.swift */ = {isa = PBXFileReference; lastKnownFileType = sourcecode.swift; path = CameraManager.swift; sourceTree = "<group>"; };
		EB614D2420F8509600E61EFA /* Maths.swift */ = {isa = PBXFileReference; lastKnownFileType = sourcecode.swift; path = Maths.swift; sourceTree = "<group>"; };
		EB614D2720F8514100E61EFA /* Keyboard.swift */ = {isa = PBXFileReference; lastKnownFileType = sourcecode.swift; path = Keyboard.swift; sourceTree = "<group>"; };
		EB614D2920F8515900E61EFA /* Mouse.swift */ = {isa = PBXFileReference; lastKnownFileType = sourcecode.swift; path = Mouse.swift; sourceTree = "<group>"; };
		EB614D2B20F8516100E61EFA /* KeyCodes.swift */ = {isa = PBXFileReference; lastKnownFileType = sourcecode.swift; path = KeyCodes.swift; sourceTree = "<group>"; };
		EB614D2D20F8536700E61EFA /* DepthStencilStateLibrary.swift */ = {isa = PBXFileReference; lastKnownFileType = sourcecode.swift; path = DepthStencilStateLibrary.swift; sourceTree = "<group>"; };
		EB614D2F20F85C2800E61EFA /* Terrain.swift */ = {isa = PBXFileReference; lastKnownFileType = sourcecode.swift; path = Terrain.swift; sourceTree = "<group>"; };
		EB614D3120F85C3200E61EFA /* TerrainMeshGenerator.swift */ = {isa = PBXFileReference; lastKnownFileType = sourcecode.swift; path = TerrainMeshGenerator.swift; sourceTree = "<group>"; };
		EB6AEE4F210D1F4400C291AA /* Types.metal */ = {isa = PBXFileReference; lastKnownFileType = sourcecode.metal; path = Types.metal; sourceTree = "<group>"; };
		EBDB6E4220FD9E740061E7A3 /* cartoon_grass.png */ = {isa = PBXFileReference; lastKnownFileType = image.png; path = cartoon_grass.png; sourceTree = "<group>"; };
		EBDB6E4620FDA5620061E7A3 /* TextureLibrary.swift */ = {isa = PBXFileReference; lastKnownFileType = sourcecode.swift; path = TextureLibrary.swift; sourceTree = "<group>"; };
		EBDB6E4820FE5D160061E7A3 /* cartoon_sand.png */ = {isa = PBXFileReference; lastKnownFileType = image.png; path = cartoon_sand.png; sourceTree = "<group>"; };
		EBF1452B20FAF98600B89FE9 /* Cube.swift */ = {isa = PBXFileReference; lastKnownFileType = sourcecode.swift; path = Cube.swift; sourceTree = "<group>"; };
		EBF1457920FC489E00B89FE9 /* Triangle_CustomMesh.swift */ = {isa = PBXFileReference; lastKnownFileType = sourcecode.swift; path = Triangle_CustomMesh.swift; sourceTree = "<group>"; };
		EBF1457B20FC48A700B89FE9 /* Cube_CustomMesh.swift */ = {isa = PBXFileReference; lastKnownFileType = sourcecode.swift; path = Cube_CustomMesh.swift; sourceTree = "<group>"; };
		EBF1457D20FC48B300B89FE9 /* Quad_CustomMesh.swift */ = {isa = PBXFileReference; lastKnownFileType = sourcecode.swift; path = Quad_CustomMesh.swift; sourceTree = "<group>"; };
		EBF1457F20FC48B900B89FE9 /* CustomMesh.swift */ = {isa = PBXFileReference; lastKnownFileType = sourcecode.swift; path = CustomMesh.swift; sourceTree = "<group>"; };
		EBF1458520FC4B8700B89FE9 /* ModelLoader.swift */ = {isa = PBXFileReference; lastKnownFileType = sourcecode.swift; path = ModelLoader.swift; sourceTree = "<group>"; };
		EBF1458A20FC4E6700B89FE9 /* ModelMeshLibrary.swift */ = {isa = PBXFileReference; lastKnownFileType = sourcecode.swift; path = ModelMeshLibrary.swift; sourceTree = "<group>"; };
		EBF1458C20FC4F8100B89FE9 /* ModelGameObject.swift */ = {isa = PBXFileReference; lastKnownFileType = sourcecode.swift; path = ModelGameObject.swift; sourceTree = "<group>"; };
		EBF1458E20FC50DE00B89FE9 /* Tents.swift */ = {isa = PBXFileReference; lastKnownFileType = sourcecode.swift; path = Tents.swift; sourceTree = "<group>"; };
		EBF1459A20FC5ACF00B89FE9 /* Tent_Poles_01.obj */ = {isa = PBXFileReference; fileEncoding = 4; lastKnownFileType = text; path = Tent_Poles_01.obj; sourceTree = "<group>"; };
		EBF1459B20FC5ACF00B89FE9 /* Tent_Poles_01.mtl */ = {isa = PBXFileReference; fileEncoding = 4; lastKnownFileType = text; path = Tent_Poles_01.mtl; sourceTree = "<group>"; };
		EBF145A420FC5F3A00B89FE9 /* Mushroom_Red_01.mtl */ = {isa = PBXFileReference; fileEncoding = 4; lastKnownFileType = text; path = Mushroom_Red_01.mtl; sourceTree = "<group>"; };
		EBF145A520FC5F3A00B89FE9 /* Mushroom_Red_01.obj */ = {isa = PBXFileReference; fileEncoding = 4; lastKnownFileType = text; path = Mushroom_Red_01.obj; sourceTree = "<group>"; };
		EBF145A820FC5F6900B89FE9 /* RedMushroom.swift */ = {isa = PBXFileReference; lastKnownFileType = sourcecode.swift; path = RedMushroom.swift; sourceTree = "<group>"; };
		EBF145AA20FCD13E00B89FE9 /* Large_Oak_Green_01.obj */ = {isa = PBXFileReference; fileEncoding = 4; lastKnownFileType = text; path = Large_Oak_Green_01.obj; sourceTree = "<group>"; };
		EBF145AB20FCD13E00B89FE9 /* Large_Oak_Green_01.mtl */ = {isa = PBXFileReference; fileEncoding = 4; lastKnownFileType = text; path = Large_Oak_Green_01.mtl; sourceTree = "<group>"; };
		EBF145AE20FCD14E00B89FE9 /* LargeGreenOak.swift */ = {isa = PBXFileReference; lastKnownFileType = sourcecode.swift; path = LargeGreenOak.swift; sourceTree = "<group>"; };
		EBF145B220FD0B3400B89FE9 /* PracticeScene.swift */ = {isa = PBXFileReference; lastKnownFileType = sourcecode.swift; path = PracticeScene.swift; sourceTree = "<group>"; };
		EBF4A5F720F8056300DAC145 /* The Dark Place.app */ = {isa = PBXFileReference; explicitFileType = wrapper.application; includeInIndex = 0; path = "The Dark Place.app"; sourceTree = BUILT_PRODUCTS_DIR; };
		EBF4A5FA20F8056300DAC145 /* AppDelegate.swift */ = {isa = PBXFileReference; lastKnownFileType = sourcecode.swift; path = AppDelegate.swift; sourceTree = "<group>"; };
		EBF4A5FF20F8056300DAC145 /* The_Dark_Place.xcdatamodel */ = {isa = PBXFileReference; lastKnownFileType = wrapper.xcdatamodel; path = The_Dark_Place.xcdatamodel; sourceTree = "<group>"; };
		EBF4A60120F8056400DAC145 /* Assets.xcassets */ = {isa = PBXFileReference; lastKnownFileType = folder.assetcatalog; path = Assets.xcassets; sourceTree = "<group>"; };
		EBF4A60420F8056400DAC145 /* Base */ = {isa = PBXFileReference; lastKnownFileType = file.storyboard; name = Base; path = Base.lproj/Main.storyboard; sourceTree = "<group>"; };
		EBF4A60620F8056400DAC145 /* Info.plist */ = {isa = PBXFileReference; lastKnownFileType = text.plist.xml; path = Info.plist; sourceTree = "<group>"; };
		EBF4A60720F8056400DAC145 /* The_Dark_Place.entitlements */ = {isa = PBXFileReference; lastKnownFileType = text.plist.entitlements; path = The_Dark_Place.entitlements; sourceTree = "<group>"; };
		EBF4A60C20F8056400DAC145 /* The Dark PlaceTests.xctest */ = {isa = PBXFileReference; explicitFileType = wrapper.cfbundle; includeInIndex = 0; path = "The Dark PlaceTests.xctest"; sourceTree = BUILT_PRODUCTS_DIR; };
		EBF4A61020F8056400DAC145 /* The_Dark_PlaceTests.swift */ = {isa = PBXFileReference; lastKnownFileType = sourcecode.swift; path = The_Dark_PlaceTests.swift; sourceTree = "<group>"; };
		EBF4A61220F8056400DAC145 /* Info.plist */ = {isa = PBXFileReference; lastKnownFileType = text.plist.xml; path = Info.plist; sourceTree = "<group>"; };
		EBF4A61C20F8058B00DAC145 /* GameView.swift */ = {isa = PBXFileReference; lastKnownFileType = sourcecode.swift; path = GameView.swift; sourceTree = "<group>"; };
		EBF4A61F20F80D6400DAC145 /* Renderer.swift */ = {isa = PBXFileReference; lastKnownFileType = sourcecode.swift; path = Renderer.swift; sourceTree = "<group>"; wrapsLines = 1; };
		EBF4A62220F80E0B00DAC145 /* Engine.swift */ = {isa = PBXFileReference; lastKnownFileType = sourcecode.swift; path = Engine.swift; sourceTree = "<group>"; };
		EBF4A62E20F8175500DAC145 /* Size.swift */ = {isa = PBXFileReference; lastKnownFileType = sourcecode.swift; path = Size.swift; sourceTree = "<group>"; };
		EBF4A63020F818DE00DAC145 /* View.swift */ = {isa = PBXFileReference; lastKnownFileType = sourcecode.swift; path = View.swift; sourceTree = "<group>"; };
		EBF4A63520F823FE00DAC145 /* Node.swift */ = {isa = PBXFileReference; lastKnownFileType = sourcecode.swift; path = Node.swift; sourceTree = "<group>"; };
		EBF4A63720F8363400DAC145 /* Renderable.swift */ = {isa = PBXFileReference; lastKnownFileType = sourcecode.swift; path = Renderable.swift; sourceTree = "<group>"; };
		EBF4A63A20F83A4700DAC145 /* GameObject.swift */ = {isa = PBXFileReference; lastKnownFileType = sourcecode.swift; path = GameObject.swift; sourceTree = "<group>"; };
		EBF4A63E20F83C0700DAC145 /* Types.swift */ = {isa = PBXFileReference; lastKnownFileType = sourcecode.swift; path = Types.swift; sourceTree = "<group>"; };
		EBF4A64020F83C7B00DAC145 /* CustomMeshLibrary.swift */ = {isa = PBXFileReference; lastKnownFileType = sourcecode.swift; path = CustomMeshLibrary.swift; sourceTree = "<group>"; };
		EBF4A64220F83D7700DAC145 /* RenderPipelineStateLibrary.swift */ = {isa = PBXFileReference; lastKnownFileType = sourcecode.swift; path = RenderPipelineStateLibrary.swift; sourceTree = "<group>"; };
		EBF4A64420F83DC600DAC145 /* ShaderLibrary.swift */ = {isa = PBXFileReference; lastKnownFileType = sourcecode.swift; path = ShaderLibrary.swift; sourceTree = "<group>"; };
		EBF4A64620F83DF100DAC145 /* VertexDescriptorLibrary.swift */ = {isa = PBXFileReference; lastKnownFileType = sourcecode.swift; path = VertexDescriptorLibrary.swift; sourceTree = "<group>"; };
		EBF4A64A20F83F3500DAC145 /* Scene.swift */ = {isa = PBXFileReference; lastKnownFileType = sourcecode.swift; path = Scene.swift; sourceTree = "<group>"; };
		EBF4A64C20F83F7E00DAC145 /* VillageScene.swift */ = {isa = PBXFileReference; lastKnownFileType = sourcecode.swift; path = VillageScene.swift; sourceTree = "<group>"; };
/* End PBXFileReference section */

/* Begin PBXFrameworksBuildPhase section */
		EBF4A5F420F8056300DAC145 /* Frameworks */ = {
			isa = PBXFrameworksBuildPhase;
			buildActionMask = 2147483647;
			files = (
			);
			runOnlyForDeploymentPostprocessing = 0;
		};
		EBF4A60920F8056400DAC145 /* Frameworks */ = {
			isa = PBXFrameworksBuildPhase;
			buildActionMask = 2147483647;
			files = (
			);
			runOnlyForDeploymentPostprocessing = 0;
		};
/* End PBXFrameworksBuildPhase section */

/* Begin PBXGroup section */
		EB1B9840211142380076BBB8 /* Object Base Classes */ = {
			isa = PBXGroup;
			children = (
				EBF4A63A20F83A4700DAC145 /* GameObject.swift */,
				EBF1458C20FC4F8100B89FE9 /* ModelGameObject.swift */,
				EB614D2F20F85C2800E61EFA /* Terrain.swift */,
			);
			path = "Object Base Classes";
			sourceTree = "<group>";
		};
		EB1B984B211185700076BBB8 /* Lights */ = {
			isa = PBXGroup;
			children = (
				EB1B984121114AFB0076BBB8 /* Light.swift */,
				EB1B984721117F350076BBB8 /* Sun.swift */,
				EB1B984E211186700076BBB8 /* LampGameObject.swift */,
				EB1B9858211515240076BBB8 /* LampModelObject.swift */,
				EB1B985A211515DB0076BBB8 /* Campfire.swift */,
			);
			name = Lights;
			path = "New Group";
			sourceTree = "<group>";
		};
		EB614D1C20F842F500E61EFA /* Shaders */ = {
			isa = PBXGroup;
			children = (
				EB6AEE4F210D1F4400C291AA /* Types.metal */,
				EB614D1D20F8431100E61EFA /* BasicShaders.metal */,
			);
			path = Shaders;
			sourceTree = "<group>";
		};
		EB614D2320F8508700E61EFA /* Math */ = {
			isa = PBXGroup;
			children = (
				EB614D2420F8509600E61EFA /* Maths.swift */,
			);
			path = Math;
			sourceTree = "<group>";
		};
		EB614D2620F8513200E61EFA /* Input */ = {
			isa = PBXGroup;
			children = (
				EB614D2720F8514100E61EFA /* Keyboard.swift */,
				EB614D2920F8515900E61EFA /* Mouse.swift */,
				EB614D2B20F8516100E61EFA /* KeyCodes.swift */,
			);
			path = Input;
			sourceTree = "<group>";
		};
		EB614D3320F85C7700E61EFA /* Generators */ = {
			isa = PBXGroup;
			children = (
				EB614D3120F85C3200E61EFA /* TerrainMeshGenerator.swift */,
			);
			path = Generators;
			sourceTree = "<group>";
		};
		EBDB6E4120FD9D940061E7A3 /* Images */ = {
			isa = PBXGroup;
			children = (
				EBDB6E4220FD9E740061E7A3 /* cartoon_grass.png */,
				EBDB6E4820FE5D160061E7A3 /* cartoon_sand.png */,
			);
			path = Images;
			sourceTree = "<group>";
		};
		EBF1457720FC488200B89FE9 /* Meshes */ = {
			isa = PBXGroup;
			children = (
				EBF1457820FC488B00B89FE9 /* CustomMeshes */,
			);
			name = Meshes;
			path = "New Group";
			sourceTree = "<group>";
		};
		EBF1457820FC488B00B89FE9 /* CustomMeshes */ = {
			isa = PBXGroup;
			children = (
				EBF1457F20FC48B900B89FE9 /* CustomMesh.swift */,
				EBF1457920FC489E00B89FE9 /* Triangle_CustomMesh.swift */,
				EBF1457B20FC48A700B89FE9 /* Cube_CustomMesh.swift */,
				EBF1457D20FC48B300B89FE9 /* Quad_CustomMesh.swift */,
			);
			path = CustomMeshes;
			sourceTree = "<group>";
		};
		EBF1458420FC4B7500B89FE9 /* Loaders */ = {
			isa = PBXGroup;
			children = (
				EBF1458520FC4B8700B89FE9 /* ModelLoader.swift */,
			);
			name = Loaders;
			path = "New Group2";
			sourceTree = "<group>";
		};
		EBF1459020FC514C00B89FE9 /* Assets */ = {
			isa = PBXGroup;
			children = (
				EBDB6E4120FD9D940061E7A3 /* Images */,
				EBF1459520FC516B00B89FE9 /* Models */,
			);
			name = Assets;
			path = "New Group3";
			sourceTree = "<group>";
		};
		EBF1459520FC516B00B89FE9 /* Models */ = {
			isa = PBXGroup;
			children = (
				EBF145AB20FCD13E00B89FE9 /* Large_Oak_Green_01.mtl */,
				EBF145AA20FCD13E00B89FE9 /* Large_Oak_Green_01.obj */,
				EBF145A420FC5F3A00B89FE9 /* Mushroom_Red_01.mtl */,
				EBF145A520FC5F3A00B89FE9 /* Mushroom_Red_01.obj */,
				EB1B985C2115273D0076BBB8 /* Campfire_01.mtl */,
				EB1B985D2115273D0076BBB8 /* Campfire_01.obj */,
				EBF1459B20FC5ACF00B89FE9 /* Tent_Poles_01.mtl */,
				EBF1459A20FC5ACF00B89FE9 /* Tent_Poles_01.obj */,
				EB1B9861211527A70076BBB8 /* Tent_01.mtl */,
				EB1B9860211527A70076BBB8 /* Tent_01.obj */,
			);
			path = Models;
			sourceTree = "<group>";
		};
		EBF4A5EE20F8056300DAC145 = {
			isa = PBXGroup;
			children = (
				EBF4A5F920F8056300DAC145 /* The Dark Place */,
				EBF4A60F20F8056400DAC145 /* The Dark PlaceTests */,
				EBF4A5F820F8056300DAC145 /* Products */,
			);
			sourceTree = "<group>";
		};
		EBF4A5F820F8056300DAC145 /* Products */ = {
			isa = PBXGroup;
			children = (
				EBF4A5F720F8056300DAC145 /* The Dark Place.app */,
				EBF4A60C20F8056400DAC145 /* The Dark PlaceTests.xctest */,
			);
			name = Products;
			sourceTree = "<group>";
		};
		EBF4A5F920F8056300DAC145 /* The Dark Place */ = {
			isa = PBXGroup;
			children = (
				EBF1459020FC514C00B89FE9 /* Assets */,
				EBF4A62120F80DEC00DAC145 /* Core */,
				EBF4A64E20F83FE900DAC145 /* Managers */,
				EBF4A62720F813C600DAC145 /* Libraries */,
				EB614D3320F85C7700E61EFA /* Generators */,
				EBF1458420FC4B7500B89FE9 /* Loaders */,
				EBF4A63420F823F200DAC145 /* The Game */,
				EB614D1C20F842F500E61EFA /* Shaders */,
				EBF4A61E20F80B2B00DAC145 /* Display */,
				EBF4A61B20F8056A00DAC145 /* Other Files */,
			);
			path = "The Dark Place";
			sourceTree = "<group>";
		};
		EBF4A60F20F8056400DAC145 /* The Dark PlaceTests */ = {
			isa = PBXGroup;
			children = (
				EBF4A61020F8056400DAC145 /* The_Dark_PlaceTests.swift */,
				EBF4A61220F8056400DAC145 /* Info.plist */,
			);
			path = "The Dark PlaceTests";
			sourceTree = "<group>";
		};
		EBF4A61B20F8056A00DAC145 /* Other Files */ = {
			isa = PBXGroup;
			children = (
				EBF4A60620F8056400DAC145 /* Info.plist */,
				EBF4A5FE20F8056300DAC145 /* The_Dark_Place.xcdatamodeld */,
				EBF4A60720F8056400DAC145 /* The_Dark_Place.entitlements */,
				EBF4A60120F8056400DAC145 /* Assets.xcassets */,
				EBF4A5FA20F8056300DAC145 /* AppDelegate.swift */,
			);
			path = "Other Files";
			sourceTree = "<group>";
		};
		EBF4A61E20F80B2B00DAC145 /* Display */ = {
			isa = PBXGroup;
			children = (
				EBF4A63020F818DE00DAC145 /* View.swift */,
				EBF4A61F20F80D6400DAC145 /* Renderer.swift */,
				EBF4A61C20F8058B00DAC145 /* GameView.swift */,
				EBF4A60320F8056400DAC145 /* Main.storyboard */,
			);
			path = Display;
			sourceTree = "<group>";
		};
		EBF4A62120F80DEC00DAC145 /* Core */ = {
			isa = PBXGroup;
			children = (
				EBF4A62220F80E0B00DAC145 /* Engine.swift */,
				EB614D2620F8513200E61EFA /* Input */,
				EB614D2320F8508700E61EFA /* Math */,
				EBF4A62D20F8174E00DAC145 /* Types */,
			);
			path = Core;
			sourceTree = "<group>";
		};
		EBF4A62720F813C600DAC145 /* Libraries */ = {
			isa = PBXGroup;
			children = (
				EBF4A64220F83D7700DAC145 /* RenderPipelineStateLibrary.swift */,
				EBF4A64620F83DF100DAC145 /* VertexDescriptorLibrary.swift */,
				EB614D2D20F8536700E61EFA /* DepthStencilStateLibrary.swift */,
				EB1B983E211139160076BBB8 /* SamplerStateLibrary.swift */,
				EBF4A64420F83DC600DAC145 /* ShaderLibrary.swift */,
				EBF4A64020F83C7B00DAC145 /* CustomMeshLibrary.swift */,
				EBF1458A20FC4E6700B89FE9 /* ModelMeshLibrary.swift */,
				EBDB6E4620FDA5620061E7A3 /* TextureLibrary.swift */,
				EBF1457720FC488200B89FE9 /* Meshes */,
			);
			path = Libraries;
			sourceTree = "<group>";
		};
		EBF4A62D20F8174E00DAC145 /* Types */ = {
			isa = PBXGroup;
			children = (
				EBF4A62E20F8175500DAC145 /* Size.swift */,
				EBF4A63E20F83C0700DAC145 /* Types.swift */,
			);
			path = Types;
			sourceTree = "<group>";
		};
		EBF4A63420F823F200DAC145 /* The Game */ = {
			isa = PBXGroup;
			children = (
				EBF4A63520F823FE00DAC145 /* Node.swift */,
				EBF4A64920F83F2A00DAC145 /* Scenes */,
				EBF4A64820F83F1E00DAC145 /* Game Objects */,
				EBF4A63920F8363900DAC145 /* Protocol */,
			);
			path = "The Game";
			sourceTree = "<group>";
		};
		EBF4A63920F8363900DAC145 /* Protocol */ = {
			isa = PBXGroup;
			children = (
				EBF4A63720F8363400DAC145 /* Renderable.swift */,
				EB1B9850211260E40076BBB8 /* Lightable.swift */,
			);
			path = Protocol;
			sourceTree = "<group>";
		};
		EBF4A64820F83F1E00DAC145 /* Game Objects */ = {
			isa = PBXGroup;
			children = (
				EB1B9840211142380076BBB8 /* Object Base Classes */,
				EB1B984B211185700076BBB8 /* Lights */,
				EBF1452B20FAF98600B89FE9 /* Cube.swift */,
				EBF1458E20FC50DE00B89FE9 /* Tents.swift */,
				EBF145A820FC5F6900B89FE9 /* RedMushroom.swift */,
				EBF145AE20FCD14E00B89FE9 /* LargeGreenOak.swift */,
			);
			path = "Game Objects";
			sourceTree = "<group>";
		};
		EBF4A64920F83F2A00DAC145 /* Scenes */ = {
			isa = PBXGroup;
			children = (
				EBF4A64A20F83F3500DAC145 /* Scene.swift */,
				EBF145B220FD0B3400B89FE9 /* PracticeScene.swift */,
				EBF4A64C20F83F7E00DAC145 /* VillageScene.swift */,
			);
			path = Scenes;
			sourceTree = "<group>";
		};
		EBF4A64E20F83FE900DAC145 /* Managers */ = {
			isa = PBXGroup;
			children = (
				EB614D1A20F840C000E61EFA /* GameManager.swift */,
				EB614D1820F8403800E61EFA /* SceneManager.swift */,
				EB614D2120F8505300E61EFA /* CameraManager.swift */,
				EB1B984921117FAA0076BBB8 /* LightManager.swift */,
			);
			path = Managers;
			sourceTree = "<group>";
		};
/* End PBXGroup section */

/* Begin PBXNativeTarget section */
		EBF4A5F620F8056300DAC145 /* The Dark Place */ = {
			isa = PBXNativeTarget;
			buildConfigurationList = EBF4A61520F8056400DAC145 /* Build configuration list for PBXNativeTarget "The Dark Place" */;
			buildPhases = (
				EBF4A5F320F8056300DAC145 /* Sources */,
				EBF4A5F420F8056300DAC145 /* Frameworks */,
				EBF4A5F520F8056300DAC145 /* Resources */,
			);
			buildRules = (
			);
			dependencies = (
			);
			name = "The Dark Place";
			productName = "The Dark Place";
			productReference = EBF4A5F720F8056300DAC145 /* The Dark Place.app */;
			productType = "com.apple.product-type.application";
		};
		EBF4A60B20F8056400DAC145 /* The Dark PlaceTests */ = {
			isa = PBXNativeTarget;
			buildConfigurationList = EBF4A61820F8056400DAC145 /* Build configuration list for PBXNativeTarget "The Dark PlaceTests" */;
			buildPhases = (
				EBF4A60820F8056400DAC145 /* Sources */,
				EBF4A60920F8056400DAC145 /* Frameworks */,
				EBF4A60A20F8056400DAC145 /* Resources */,
			);
			buildRules = (
			);
			dependencies = (
				EBF4A60E20F8056400DAC145 /* PBXTargetDependency */,
			);
			name = "The Dark PlaceTests";
			productName = "The Dark PlaceTests";
			productReference = EBF4A60C20F8056400DAC145 /* The Dark PlaceTests.xctest */;
			productType = "com.apple.product-type.bundle.unit-test";
		};
/* End PBXNativeTarget section */

/* Begin PBXProject section */
		EBF4A5EF20F8056300DAC145 /* Project object */ = {
			isa = PBXProject;
			attributes = {
				LastSwiftUpdateCheck = 1000;
				LastUpgradeCheck = 1000;
				ORGANIZATIONNAME = TwohyTutorials;
				TargetAttributes = {
					EBF4A5F620F8056300DAC145 = {
						CreatedOnToolsVersion = 10.0;
					};
					EBF4A60B20F8056400DAC145 = {
						CreatedOnToolsVersion = 10.0;
						TestTargetID = EBF4A5F620F8056300DAC145;
					};
				};
			};
			buildConfigurationList = EBF4A5F220F8056300DAC145 /* Build configuration list for PBXProject "The Dark Place" */;
			compatibilityVersion = "Xcode 9.3";
			developmentRegion = en;
			hasScannedForEncodings = 0;
			knownRegions = (
				en,
				Base,
			);
			mainGroup = EBF4A5EE20F8056300DAC145;
			productRefGroup = EBF4A5F820F8056300DAC145 /* Products */;
			projectDirPath = "";
			projectRoot = "";
			targets = (
				EBF4A5F620F8056300DAC145 /* The Dark Place */,
				EBF4A60B20F8056400DAC145 /* The Dark PlaceTests */,
			);
		};
/* End PBXProject section */

/* Begin PBXResourcesBuildPhase section */
		EBF4A5F520F8056300DAC145 /* Resources */ = {
			isa = PBXResourcesBuildPhase;
			buildActionMask = 2147483647;
			files = (
				EBDB6E4320FD9E740061E7A3 /* cartoon_grass.png in Resources */,
				EBF145AC20FCD13E00B89FE9 /* Large_Oak_Green_01.obj in Resources */,
				EBF4A60220F8056400DAC145 /* Assets.xcassets in Resources */,
				EB1B9862211527A80076BBB8 /* Tent_01.obj in Resources */,
				EBF1459D20FC5ACF00B89FE9 /* Tent_Poles_01.mtl in Resources */,
				EB1B9863211527A80076BBB8 /* Tent_01.mtl in Resources */,
				EB1B985E2115273E0076BBB8 /* Campfire_01.mtl in Resources */,
				EBF1459C20FC5ACF00B89FE9 /* Tent_Poles_01.obj in Resources */,
				EBF4A60520F8056400DAC145 /* Main.storyboard in Resources */,
				EB1B985F2115273E0076BBB8 /* Campfire_01.obj in Resources */,
				EBF145A620FC5F3A00B89FE9 /* Mushroom_Red_01.mtl in Resources */,
				EBF145A720FC5F3A00B89FE9 /* Mushroom_Red_01.obj in Resources */,
				EBDB6E4920FE5D160061E7A3 /* cartoon_sand.png in Resources */,
				EBF145AD20FCD13E00B89FE9 /* Large_Oak_Green_01.mtl in Resources */,
			);
			runOnlyForDeploymentPostprocessing = 0;
		};
		EBF4A60A20F8056400DAC145 /* Resources */ = {
			isa = PBXResourcesBuildPhase;
			buildActionMask = 2147483647;
			files = (
			);
			runOnlyForDeploymentPostprocessing = 0;
		};
/* End PBXResourcesBuildPhase section */

/* Begin PBXSourcesBuildPhase section */
		EBF4A5F320F8056300DAC145 /* Sources */ = {
			isa = PBXSourcesBuildPhase;
			buildActionMask = 2147483647;
			files = (
				EBF4A63120F818DE00DAC145 /* View.swift in Sources */,
				EB614D3020F85C2800E61EFA /* Terrain.swift in Sources */,
				EBF1457E20FC48B300B89FE9 /* Quad_CustomMesh.swift in Sources */,
				EBF4A63620F823FE00DAC145 /* Node.swift in Sources */,
				EB614D1920F8403800E61EFA /* SceneManager.swift in Sources */,
				EBF4A62020F80D6400DAC145 /* Renderer.swift in Sources */,
				EB1B9859211515240076BBB8 /* LampModelObject.swift in Sources */,
				EBF1452C20FAF98600B89FE9 /* Cube.swift in Sources */,
				EBF4A64120F83C7B00DAC145 /* CustomMeshLibrary.swift in Sources */,
				EB614D3220F85C3200E61EFA /* TerrainMeshGenerator.swift in Sources */,
				EBF4A62F20F8175500DAC145 /* Size.swift in Sources */,
				EBF1458020FC48B900B89FE9 /* CustomMesh.swift in Sources */,
				EB1B9851211260E40076BBB8 /* Lightable.swift in Sources */,
				EBF1457C20FC48A700B89FE9 /* Cube_CustomMesh.swift in Sources */,
				EB1B984F211186700076BBB8 /* LampGameObject.swift in Sources */,
				EBF145B320FD0B3400B89FE9 /* PracticeScene.swift in Sources */,
				EBF1457A20FC489E00B89FE9 /* Triangle_CustomMesh.swift in Sources */,
				EB6AEE50210D1F4400C291AA /* Types.metal in Sources */,
				EB614D1E20F8431100E61EFA /* BasicShaders.metal in Sources */,
				EBF4A63820F8363400DAC145 /* Renderable.swift in Sources */,
				EBF4A63F20F83C0700DAC145 /* Types.swift in Sources */,
				EBF4A64B20F83F3500DAC145 /* Scene.swift in Sources */,
				EB614D2820F8514100E61EFA /* Keyboard.swift in Sources */,
				EBF1458D20FC4F8100B89FE9 /* ModelGameObject.swift in Sources */,
				EBF145A920FC5F6900B89FE9 /* RedMushroom.swift in Sources */,
				EB614D2220F8505300E61EFA /* CameraManager.swift in Sources */,
				EB1B984821117F350076BBB8 /* Sun.swift in Sources */,
				EB614D1B20F840C000E61EFA /* GameManager.swift in Sources */,
				EB614D2520F8509600E61EFA /* Maths.swift in Sources */,
				EBDB6E4720FDA5620061E7A3 /* TextureLibrary.swift in Sources */,
				EB614D2E20F8536700E61EFA /* DepthStencilStateLibrary.swift in Sources */,
				EBF4A60020F8056300DAC145 /* The_Dark_Place.xcdatamodeld in Sources */,
				EBF1458F20FC50DE00B89FE9 /* Tents.swift in Sources */,
				EBF4A64320F83D7700DAC145 /* RenderPipelineStateLibrary.swift in Sources */,
				EBF1458B20FC4E6700B89FE9 /* ModelMeshLibrary.swift in Sources */,
				EB1B983F211139160076BBB8 /* SamplerStateLibrary.swift in Sources */,
				EBF4A64D20F83F7E00DAC145 /* VillageScene.swift in Sources */,
				EB1B984A21117FAA0076BBB8 /* LightManager.swift in Sources */,
				EBF4A64520F83DC600DAC145 /* ShaderLibrary.swift in Sources */,
				EBF4A61D20F8058B00DAC145 /* GameView.swift in Sources */,
				EB1B984221114AFB0076BBB8 /* Light.swift in Sources */,
				EBF4A63B20F83A4700DAC145 /* GameObject.swift in Sources */,
				EBF1458620FC4B8700B89FE9 /* ModelLoader.swift in Sources */,
				EBF4A5FB20F8056300DAC145 /* AppDelegate.swift in Sources */,
				EB614D2A20F8515900E61EFA /* Mouse.swift in Sources */,
				EB614D2C20F8516100E61EFA /* KeyCodes.swift in Sources */,
				EBF145AF20FCD14E00B89FE9 /* LargeGreenOak.swift in Sources */,
				EBF4A64720F83DF100DAC145 /* VertexDescriptorLibrary.swift in Sources */,
				EB1B985B211515DB0076BBB8 /* Campfire.swift in Sources */,
				EBF4A62320F80E0B00DAC145 /* Engine.swift in Sources */,
			);
			runOnlyForDeploymentPostprocessing = 0;
		};
		EBF4A60820F8056400DAC145 /* Sources */ = {
			isa = PBXSourcesBuildPhase;
			buildActionMask = 2147483647;
			files = (
				EBF4A61120F8056400DAC145 /* The_Dark_PlaceTests.swift in Sources */,
			);
			runOnlyForDeploymentPostprocessing = 0;
		};
/* End PBXSourcesBuildPhase section */

/* Begin PBXTargetDependency section */
		EBF4A60E20F8056400DAC145 /* PBXTargetDependency */ = {
			isa = PBXTargetDependency;
			target = EBF4A5F620F8056300DAC145 /* The Dark Place */;
			targetProxy = EBF4A60D20F8056400DAC145 /* PBXContainerItemProxy */;
		};
/* End PBXTargetDependency section */

/* Begin PBXVariantGroup section */
		EBF4A60320F8056400DAC145 /* Main.storyboard */ = {
			isa = PBXVariantGroup;
			children = (
				EBF4A60420F8056400DAC145 /* Base */,
			);
			name = Main.storyboard;
			sourceTree = "<group>";
		};
/* End PBXVariantGroup section */

/* Begin XCBuildConfiguration section */
		EBF4A61320F8056400DAC145 /* Debug */ = {
			isa = XCBuildConfiguration;
			buildSettings = {
				ALWAYS_SEARCH_USER_PATHS = NO;
				CLANG_ANALYZER_NONNULL = YES;
				CLANG_ANALYZER_NUMBER_OBJECT_CONVERSION = YES_AGGRESSIVE;
				CLANG_CXX_LANGUAGE_STANDARD = "gnu++14";
				CLANG_CXX_LIBRARY = "libc++";
				CLANG_ENABLE_MODULES = YES;
				CLANG_ENABLE_OBJC_ARC = YES;
				CLANG_ENABLE_OBJC_WEAK = YES;
				CLANG_WARN_BLOCK_CAPTURE_AUTORELEASING = YES;
				CLANG_WARN_BOOL_CONVERSION = YES;
				CLANG_WARN_COMMA = YES;
				CLANG_WARN_CONSTANT_CONVERSION = YES;
				CLANG_WARN_DEPRECATED_OBJC_IMPLEMENTATIONS = YES;
				CLANG_WARN_DIRECT_OBJC_ISA_USAGE = YES_ERROR;
				CLANG_WARN_DOCUMENTATION_COMMENTS = YES;
				CLANG_WARN_EMPTY_BODY = YES;
				CLANG_WARN_ENUM_CONVERSION = YES;
				CLANG_WARN_INFINITE_RECURSION = YES;
				CLANG_WARN_INT_CONVERSION = YES;
				CLANG_WARN_NON_LITERAL_NULL_CONVERSION = YES;
				CLANG_WARN_OBJC_IMPLICIT_RETAIN_SELF = YES;
				CLANG_WARN_OBJC_LITERAL_CONVERSION = YES;
				CLANG_WARN_OBJC_ROOT_CLASS = YES_ERROR;
				CLANG_WARN_RANGE_LOOP_ANALYSIS = YES;
				CLANG_WARN_STRICT_PROTOTYPES = YES;
				CLANG_WARN_SUSPICIOUS_MOVE = YES;
				CLANG_WARN_UNGUARDED_AVAILABILITY = YES_AGGRESSIVE;
				CLANG_WARN_UNREACHABLE_CODE = YES;
				CLANG_WARN__DUPLICATE_METHOD_MATCH = YES;
				CODE_SIGN_IDENTITY = "Mac Developer";
				COPY_PHASE_STRIP = NO;
				DEBUG_INFORMATION_FORMAT = dwarf;
				ENABLE_STRICT_OBJC_MSGSEND = YES;
				ENABLE_TESTABILITY = YES;
				GCC_C_LANGUAGE_STANDARD = gnu11;
				GCC_DYNAMIC_NO_PIC = NO;
				GCC_NO_COMMON_BLOCKS = YES;
				GCC_OPTIMIZATION_LEVEL = 0;
				GCC_PREPROCESSOR_DEFINITIONS = (
					"DEBUG=1",
					"$(inherited)",
				);
				GCC_WARN_64_TO_32_BIT_CONVERSION = YES;
				GCC_WARN_ABOUT_RETURN_TYPE = YES_ERROR;
				GCC_WARN_UNDECLARED_SELECTOR = YES;
				GCC_WARN_UNINITIALIZED_AUTOS = YES_AGGRESSIVE;
				GCC_WARN_UNUSED_FUNCTION = YES;
				GCC_WARN_UNUSED_VARIABLE = YES;
				MACOSX_DEPLOYMENT_TARGET = 10.13;
				MTL_ENABLE_DEBUG_INFO = INCLUDE_SOURCE;
				ONLY_ACTIVE_ARCH = YES;
				SDKROOT = macosx;
				SWIFT_ACTIVE_COMPILATION_CONDITIONS = DEBUG;
				SWIFT_OPTIMIZATION_LEVEL = "-Onone";
			};
			name = Debug;
		};
		EBF4A61420F8056400DAC145 /* Release */ = {
			isa = XCBuildConfiguration;
			buildSettings = {
				ALWAYS_SEARCH_USER_PATHS = NO;
				CLANG_ANALYZER_NONNULL = YES;
				CLANG_ANALYZER_NUMBER_OBJECT_CONVERSION = YES_AGGRESSIVE;
				CLANG_CXX_LANGUAGE_STANDARD = "gnu++14";
				CLANG_CXX_LIBRARY = "libc++";
				CLANG_ENABLE_MODULES = YES;
				CLANG_ENABLE_OBJC_ARC = YES;
				CLANG_ENABLE_OBJC_WEAK = YES;
				CLANG_WARN_BLOCK_CAPTURE_AUTORELEASING = YES;
				CLANG_WARN_BOOL_CONVERSION = YES;
				CLANG_WARN_COMMA = YES;
				CLANG_WARN_CONSTANT_CONVERSION = YES;
				CLANG_WARN_DEPRECATED_OBJC_IMPLEMENTATIONS = YES;
				CLANG_WARN_DIRECT_OBJC_ISA_USAGE = YES_ERROR;
				CLANG_WARN_DOCUMENTATION_COMMENTS = YES;
				CLANG_WARN_EMPTY_BODY = YES;
				CLANG_WARN_ENUM_CONVERSION = YES;
				CLANG_WARN_INFINITE_RECURSION = YES;
				CLANG_WARN_INT_CONVERSION = YES;
				CLANG_WARN_NON_LITERAL_NULL_CONVERSION = YES;
				CLANG_WARN_OBJC_IMPLICIT_RETAIN_SELF = YES;
				CLANG_WARN_OBJC_LITERAL_CONVERSION = YES;
				CLANG_WARN_OBJC_ROOT_CLASS = YES_ERROR;
				CLANG_WARN_RANGE_LOOP_ANALYSIS = YES;
				CLANG_WARN_STRICT_PROTOTYPES = YES;
				CLANG_WARN_SUSPICIOUS_MOVE = YES;
				CLANG_WARN_UNGUARDED_AVAILABILITY = YES_AGGRESSIVE;
				CLANG_WARN_UNREACHABLE_CODE = YES;
				CLANG_WARN__DUPLICATE_METHOD_MATCH = YES;
				CODE_SIGN_IDENTITY = "Mac Developer";
				COPY_PHASE_STRIP = NO;
				DEBUG_INFORMATION_FORMAT = "dwarf-with-dsym";
				ENABLE_NS_ASSERTIONS = NO;
				ENABLE_STRICT_OBJC_MSGSEND = YES;
				GCC_C_LANGUAGE_STANDARD = gnu11;
				GCC_NO_COMMON_BLOCKS = YES;
				GCC_WARN_64_TO_32_BIT_CONVERSION = YES;
				GCC_WARN_ABOUT_RETURN_TYPE = YES_ERROR;
				GCC_WARN_UNDECLARED_SELECTOR = YES;
				GCC_WARN_UNINITIALIZED_AUTOS = YES_AGGRESSIVE;
				GCC_WARN_UNUSED_FUNCTION = YES;
				GCC_WARN_UNUSED_VARIABLE = YES;
				MACOSX_DEPLOYMENT_TARGET = 10.13;
				MTL_ENABLE_DEBUG_INFO = NO;
				SDKROOT = macosx;
				SWIFT_COMPILATION_MODE = wholemodule;
				SWIFT_OPTIMIZATION_LEVEL = "-O";
			};
			name = Release;
		};
		EBF4A61620F8056400DAC145 /* Debug */ = {
			isa = XCBuildConfiguration;
			buildSettings = {
				ASSETCATALOG_COMPILER_APPICON_NAME = AppIcon;
				CODE_SIGN_ENTITLEMENTS = "The Dark Place/Other Files/The_Dark_Place.entitlements";
				CODE_SIGN_STYLE = Automatic;
				COMBINE_HIDPI_IMAGES = YES;
				DEVELOPMENT_TEAM = 9QQ2JZFGTQ;
				INFOPLIST_FILE = "$(SRCROOT)/The Dark Place/Other Files/Info.plist";
				LD_RUNPATH_SEARCH_PATHS = (
					"$(inherited)",
					"@executable_path/../Frameworks",
				);
				PRODUCT_BUNDLE_IDENTIFIER = "com.ricktwohy.The-Dark-Place";
				PRODUCT_NAME = "$(TARGET_NAME)";
				SWIFT_VERSION = 4.2;
			};
			name = Debug;
		};
		EBF4A61720F8056400DAC145 /* Release */ = {
			isa = XCBuildConfiguration;
			buildSettings = {
				ASSETCATALOG_COMPILER_APPICON_NAME = AppIcon;
				CODE_SIGN_ENTITLEMENTS = "The Dark Place/Other Files/The_Dark_Place.entitlements";
				CODE_SIGN_STYLE = Automatic;
				COMBINE_HIDPI_IMAGES = YES;
				DEVELOPMENT_TEAM = 9QQ2JZFGTQ;
				INFOPLIST_FILE = "$(SRCROOT)/The Dark Place/Other Files/Info.plist";
				LD_RUNPATH_SEARCH_PATHS = (
					"$(inherited)",
					"@executable_path/../Frameworks",
				);
				PRODUCT_BUNDLE_IDENTIFIER = "com.ricktwohy.The-Dark-Place";
				PRODUCT_NAME = "$(TARGET_NAME)";
				SWIFT_VERSION = 4.2;
			};
			name = Release;
		};
		EBF4A61920F8056400DAC145 /* Debug */ = {
			isa = XCBuildConfiguration;
			buildSettings = {
				ALWAYS_EMBED_SWIFT_STANDARD_LIBRARIES = YES;
				BUNDLE_LOADER = "$(TEST_HOST)";
				CODE_SIGN_STYLE = Automatic;
				COMBINE_HIDPI_IMAGES = YES;
				DEVELOPMENT_TEAM = 9QQ2JZFGTQ;
				INFOPLIST_FILE = "The Dark PlaceTests/Info.plist";
				LD_RUNPATH_SEARCH_PATHS = (
					"$(inherited)",
					"@executable_path/../Frameworks",
					"@loader_path/../Frameworks",
				);
				PRODUCT_BUNDLE_IDENTIFIER = "com.ricktwohy.The-Dark-PlaceTests";
				PRODUCT_NAME = "$(TARGET_NAME)";
				SWIFT_VERSION = 4.2;
				TEST_HOST = "$(BUILT_PRODUCTS_DIR)/The Dark Place.app/Contents/MacOS/The Dark Place";
			};
			name = Debug;
		};
		EBF4A61A20F8056400DAC145 /* Release */ = {
			isa = XCBuildConfiguration;
			buildSettings = {
				ALWAYS_EMBED_SWIFT_STANDARD_LIBRARIES = YES;
				BUNDLE_LOADER = "$(TEST_HOST)";
				CODE_SIGN_STYLE = Automatic;
				COMBINE_HIDPI_IMAGES = YES;
				DEVELOPMENT_TEAM = 9QQ2JZFGTQ;
				INFOPLIST_FILE = "The Dark PlaceTests/Info.plist";
				LD_RUNPATH_SEARCH_PATHS = (
					"$(inherited)",
					"@executable_path/../Frameworks",
					"@loader_path/../Frameworks",
				);
				PRODUCT_BUNDLE_IDENTIFIER = "com.ricktwohy.The-Dark-PlaceTests";
				PRODUCT_NAME = "$(TARGET_NAME)";
				SWIFT_VERSION = 4.2;
				TEST_HOST = "$(BUILT_PRODUCTS_DIR)/The Dark Place.app/Contents/MacOS/The Dark Place";
			};
			name = Release;
		};
/* End XCBuildConfiguration section */

/* Begin XCConfigurationList section */
		EBF4A5F220F8056300DAC145 /* Build configuration list for PBXProject "The Dark Place" */ = {
			isa = XCConfigurationList;
			buildConfigurations = (
				EBF4A61320F8056400DAC145 /* Debug */,
				EBF4A61420F8056400DAC145 /* Release */,
			);
			defaultConfigurationIsVisible = 0;
			defaultConfigurationName = Release;
		};
		EBF4A61520F8056400DAC145 /* Build configuration list for PBXNativeTarget "The Dark Place" */ = {
			isa = XCConfigurationList;
			buildConfigurations = (
				EBF4A61620F8056400DAC145 /* Debug */,
				EBF4A61720F8056400DAC145 /* Release */,
			);
			defaultConfigurationIsVisible = 0;
			defaultConfigurationName = Release;
		};
		EBF4A61820F8056400DAC145 /* Build configuration list for PBXNativeTarget "The Dark PlaceTests" */ = {
			isa = XCConfigurationList;
			buildConfigurations = (
				EBF4A61920F8056400DAC145 /* Debug */,
				EBF4A61A20F8056400DAC145 /* Release */,
			);
			defaultConfigurationIsVisible = 0;
			defaultConfigurationName = Release;
		};
/* End XCConfigurationList section */

/* Begin XCVersionGroup section */
		EBF4A5FE20F8056300DAC145 /* The_Dark_Place.xcdatamodeld */ = {
			isa = XCVersionGroup;
			children = (
				EBF4A5FF20F8056300DAC145 /* The_Dark_Place.xcdatamodel */,
			);
			currentVersion = EBF4A5FF20F8056300DAC145 /* The_Dark_Place.xcdatamodel */;
			path = The_Dark_Place.xcdatamodeld;
			sourceTree = "<group>";
			versionGroupType = wrapper.xcdatamodel;
		};
/* End XCVersionGroup section */
	};
	rootObject = EBF4A5EF20F8056300DAC145 /* Project object */;
}
